
Microsoft Visual Studio Solution File, Format Version 12.00
Project("{FAE04EC0-301F-11D3-BF4B-00C04F79EFBC}") = "Game", "Game.csproj", "{CD59A775-BC05-4E75-8228-6BAA4A7F1189}"
EndProject
Global
	GlobalSection(SolutionConfigurationPlatforms) = preSolution
		Debug|Any CPU = Debug|Any CPU
		Release|Any CPU = Release|Any CPU
	EndGlobalSection
	GlobalSection(ProjectConfigurationPlatforms) = postSolution
		{CD59A775-BC05-4E75-8228-6BAA4A7F1189}.Debug|Any CPU.ActiveCfg = Debug|Any CPU
		{CD59A775-BC05-4E75-8228-6BAA4A7F1189}.Debug|Any CPU.Build.0 = Debug|Any CPU
		{CD59A775-BC05-4E75-8228-6BAA4A7F1189}.Release|Any CPU.ActiveCfg = Release|Any CPU
		{CD59A775-BC05-4E75-8228-6BAA4A7F1189}.Release|Any CPU.Build.0 = Release|Any CPU
	EndGlobalSection
EndGlobal
